
Microsoft Visual Studio Solution File, Format Version 12.00
# Visual Studio Version 16
VisualStudioVersion = 16.0.31004.235
MinimumVisualStudioVersion = 10.0.40219.1
Project("{FAE04EC0-301F-11D3-BF4B-00C04F79EFBC}") = "Ikuno", "Ikuno\Ikuno.csproj", "{762B6693-53FE-4860-AE16-0F56024E3263}"
EndProject
Project("{FAE04EC0-301F-11D3-BF4B-00C04F79EFBC}") = "IkunoTest.Tests", "IkunoTest.Tests\IkunoTest.Tests.csproj", "{4BC876D4-1675-440F-84E2-E1EAD07B3BAB}"
EndProject
Project("{FAE04EC0-301F-11D3-BF4B-00C04F79EFBC}") = "Ikuno.Sample", "Ikuno.Sample\Ikuno.Sample.csproj", "{A62F898C-CF49-40C6-B47C-6026E8F26355}"
EndProject
Global
	GlobalSection(SolutionConfigurationPlatforms) = preSolution
		Debug|Any CPU = Debug|Any CPU
		Release|Any CPU = Release|Any CPU
	EndGlobalSection
	GlobalSection(ProjectConfigurationPlatforms) = postSolution
		{762B6693-53FE-4860-AE16-0F56024E3263}.Debug|Any CPU.ActiveCfg = Debug|Any CPU
		{762B6693-53FE-4860-AE16-0F56024E3263}.Debug|Any CPU.Build.0 = Debug|Any CPU
		{762B6693-53FE-4860-AE16-0F56024E3263}.Release|Any CPU.ActiveCfg = Release|Any CPU
		{762B6693-53FE-4860-AE16-0F56024E3263}.Release|Any CPU.Build.0 = Release|Any CPU
		{4BC876D4-1675-440F-84E2-E1EAD07B3BAB}.Debug|Any CPU.ActiveCfg = Debug|Any CPU
		{4BC876D4-1675-440F-84E2-E1EAD07B3BAB}.Debug|Any CPU.Build.0 = Debug|Any CPU
		{4BC876D4-1675-440F-84E2-E1EAD07B3BAB}.Release|Any CPU.ActiveCfg = Release|Any CPU
		{4BC876D4-1675-440F-84E2-E1EAD07B3BAB}.Release|Any CPU.Build.0 = Release|Any CPU
		{A62F898C-CF49-40C6-B47C-6026E8F26355}.Debug|Any CPU.ActiveCfg = Debug|Any CPU
		{A62F898C-CF49-40C6-B47C-6026E8F26355}.Debug|Any CPU.Build.0 = Debug|Any CPU
		{A62F898C-CF49-40C6-B47C-6026E8F26355}.Release|Any CPU.ActiveCfg = Release|Any CPU
		{A62F898C-CF49-40C6-B47C-6026E8F26355}.Release|Any CPU.Build.0 = Release|Any CPU
	EndGlobalSection
	GlobalSection(SolutionProperties) = preSolution
		HideSolutionNode = FALSE
	EndGlobalSection
	GlobalSection(ExtensibilityGlobals) = postSolution
		SolutionGuid = {98CF95CC-F588-4875-8A52-5CAACE7724F8}
	EndGlobalSection
EndGlobal
